
Microsoft Visual Studio Solution File, Format Version 11.00
# Visual Studio 2010
Project("{FAE04EC0-301F-11D3-BF4B-00C04F79EFBC}") = "autopackage", "autopackage\autopackage.csproj", "{D1102D1E-7ACE-4A81-96B8-36DA12310001}"
	ProjectSection(ProjectDependencies) = postProject
		{C0A44000-B786-43FE-B14F-AB411403B499} = {C0A44000-B786-43FE-B14F-AB411403B499}
		{7CD6D627-FD01-4F1E-8F3C-82FB83886CFE} = {7CD6D627-FD01-4F1E-8F3C-82FB83886CFE}
		{442A1739-BCE0-4B51-A615-B75CF3BBC841} = {442A1739-BCE0-4B51-A615-B75CF3BBC841}
		{7B8CB73A-D762-44F4-B0AA-95840A29A019} = {7B8CB73A-D762-44F4-B0AA-95840A29A019}
		{B2C3433E-931E-4D52-848E-A178B16E954C} = {B2C3433E-931E-4D52-848E-A178B16E954C}
		{5E958A69-637E-4807-8DCE-5DDA6B254AFE} = {5E958A69-637E-4807-8DCE-5DDA6B254AFE}
		{FB140878-E3E6-41A9-B4F5-7AEF4D624E85} = {FB140878-E3E6-41A9-B4F5-7AEF4D624E85}
		{8E2605A9-54DF-4E63-ABA8-27D5C03DAC09} = {8E2605A9-54DF-4E63-ABA8-27D5C03DAC09}
	EndProjectSection
EndProject
Project("{FAE04EC0-301F-11D3-BF4B-00C04F79EFBC}") = "CoApp.CCI", "cci\CoApp.CCI.csproj", "{7B8CB73A-D762-44F4-B0AA-95840A29A019}"
EndProject
Project("{FAE04EC0-301F-11D3-BF4B-00C04F79EFBC}") = "developer.toolkit", "toolkit\developer.toolkit.csproj", "{E1BC4727-C201-44D4-9B73-78D20BD55D5C}"
EndProject
Project("{FAE04EC0-301F-11D3-BF4B-00C04F79EFBC}") = "mkRepo", "mkrepo\mkRepo.csproj", "{7CD6D627-FD01-4F1E-8F3C-82FB83886CFE}"
	ProjectSection(ProjectDependencies) = postProject
		{E1BC4727-C201-44D4-9B73-78D20BD55D5C} = {E1BC4727-C201-44D4-9B73-78D20BD55D5C}
	EndProjectSection
EndProject
Project("{FAE04EC0-301F-11D3-BF4B-00C04F79EFBC}") = "Azure", "azure\Azure.csproj", "{442A1739-BCE0-4B51-A615-B75CF3BBC841}"
	ProjectSection(ProjectDependencies) = postProject
		{E1BC4727-C201-44D4-9B73-78D20BD55D5C} = {E1BC4727-C201-44D4-9B73-78D20BD55D5C}
	EndProjectSection
EndProject
Project("{FAE04EC0-301F-11D3-BF4B-00C04F79EFBC}") = "QuickTool", "quicktool\QuickTool.csproj", "{8E2605A9-54DF-4E63-ABA8-27D5C03DAC09}"
	ProjectSection(ProjectDependencies) = postProject
		{E1BC4727-C201-44D4-9B73-78D20BD55D5C} = {E1BC4727-C201-44D4-9B73-78D20BD55D5C}
	EndProjectSection
EndProject
Project("{FAE04EC0-301F-11D3-BF4B-00C04F79EFBC}") = "Scan", "scan\Scan.csproj", "{5E958A69-637E-4807-8DCE-5DDA6B254AFE}"
	ProjectSection(ProjectDependencies) = postProject
		{E1BC4727-C201-44D4-9B73-78D20BD55D5C} = {E1BC4727-C201-44D4-9B73-78D20BD55D5C}
	EndProjectSection
EndProject
Project("{FAE04EC0-301F-11D3-BF4B-00C04F79EFBC}") = "simplesigner", "simplesigner\simplesigner.csproj", "{B2C3433E-931E-4D52-848E-A178B16E954C}"
EndProject
Project("{FAE04EC0-301F-11D3-BF4B-00C04F79EFBC}") = "ToolScanner", "toolscanner\ToolScanner.csproj", "{FB140878-E3E6-41A9-B4F5-7AEF4D624E85}"
	ProjectSection(ProjectDependencies) = postProject
		{E1BC4727-C201-44D4-9B73-78D20BD55D5C} = {E1BC4727-C201-44D4-9B73-78D20BD55D5C}
	EndProjectSection
EndProject
Project("{FAE04EC0-301F-11D3-BF4B-00C04F79EFBC}") = "ptk", "ptk\ptk.csproj", "{C0A44000-B786-43FE-B14F-AB411403B499}"
	ProjectSection(ProjectDependencies) = postProject
		{E1BC4727-C201-44D4-9B73-78D20BD55D5C} = {E1BC4727-C201-44D4-9B73-78D20BD55D5C}
	EndProjectSection
EndProject
Project("{FAE04EC0-301F-11D3-BF4B-00C04F79EFBC}") = "RepositoryService", "RepositoryService\RepositoryService.csproj", "{45DC497B-D785-4C4B-BC51-3D87CD9B6CBD}"
	ProjectSection(ProjectDependencies) = postProject
		{E1BC4727-C201-44D4-9B73-78D20BD55D5C} = {E1BC4727-C201-44D4-9B73-78D20BD55D5C}
	EndProjectSection
EndProject
Global
	GlobalSection(SolutionConfigurationPlatforms) = preSolution
		Debug|Any CPU = Debug|Any CPU
		Release|Any CPU = Release|Any CPU
	EndGlobalSection
	GlobalSection(ProjectConfigurationPlatforms) = postSolution
		{D1102D1E-7ACE-4A81-96B8-36DA12310001}.Debug|Any CPU.ActiveCfg = Debug|Any CPU
		{D1102D1E-7ACE-4A81-96B8-36DA12310001}.Debug|Any CPU.Build.0 = Debug|Any CPU
		{D1102D1E-7ACE-4A81-96B8-36DA12310001}.Release|Any CPU.ActiveCfg = Release|Any CPU
		{D1102D1E-7ACE-4A81-96B8-36DA12310001}.Release|Any CPU.Build.0 = Release|Any CPU
		{7B8CB73A-D762-44F4-B0AA-95840A29A019}.Debug|Any CPU.ActiveCfg = Debug|Any CPU
		{7B8CB73A-D762-44F4-B0AA-95840A29A019}.Debug|Any CPU.Build.0 = Debug|Any CPU
		{7B8CB73A-D762-44F4-B0AA-95840A29A019}.Release|Any CPU.ActiveCfg = Release|Any CPU
		{7B8CB73A-D762-44F4-B0AA-95840A29A019}.Release|Any CPU.Build.0 = Release|Any CPU
		{E1BC4727-C201-44D4-9B73-78D20BD55D5C}.Debug|Any CPU.ActiveCfg = Debug|Any CPU
		{E1BC4727-C201-44D4-9B73-78D20BD55D5C}.Debug|Any CPU.Build.0 = Debug|Any CPU
		{E1BC4727-C201-44D4-9B73-78D20BD55D5C}.Release|Any CPU.ActiveCfg = Release|Any CPU
		{E1BC4727-C201-44D4-9B73-78D20BD55D5C}.Release|Any CPU.Build.0 = Release|Any CPU
		{7CD6D627-FD01-4F1E-8F3C-82FB83886CFE}.Debug|Any CPU.ActiveCfg = Debug|Any CPU
		{7CD6D627-FD01-4F1E-8F3C-82FB83886CFE}.Debug|Any CPU.Build.0 = Debug|Any CPU
		{7CD6D627-FD01-4F1E-8F3C-82FB83886CFE}.Release|Any CPU.ActiveCfg = Release|Any CPU
		{7CD6D627-FD01-4F1E-8F3C-82FB83886CFE}.Release|Any CPU.Build.0 = Release|Any CPU
		{442A1739-BCE0-4B51-A615-B75CF3BBC841}.Debug|Any CPU.ActiveCfg = Debug|Any CPU
		{442A1739-BCE0-4B51-A615-B75CF3BBC841}.Debug|Any CPU.Build.0 = Debug|Any CPU
		{442A1739-BCE0-4B51-A615-B75CF3BBC841}.Release|Any CPU.ActiveCfg = Release|Any CPU
		{442A1739-BCE0-4B51-A615-B75CF3BBC841}.Release|Any CPU.Build.0 = Release|Any CPU
		{8E2605A9-54DF-4E63-ABA8-27D5C03DAC09}.Debug|Any CPU.ActiveCfg = Debug|Any CPU
		{8E2605A9-54DF-4E63-ABA8-27D5C03DAC09}.Debug|Any CPU.Build.0 = Debug|Any CPU
		{8E2605A9-54DF-4E63-ABA8-27D5C03DAC09}.Release|Any CPU.ActiveCfg = Release|Any CPU
		{8E2605A9-54DF-4E63-ABA8-27D5C03DAC09}.Release|Any CPU.Build.0 = Release|Any CPU
		{5E958A69-637E-4807-8DCE-5DDA6B254AFE}.Debug|Any CPU.ActiveCfg = Debug|Any CPU
		{5E958A69-637E-4807-8DCE-5DDA6B254AFE}.Debug|Any CPU.Build.0 = Debug|Any CPU
		{5E958A69-637E-4807-8DCE-5DDA6B254AFE}.Release|Any CPU.ActiveCfg = Release|Any CPU
		{5E958A69-637E-4807-8DCE-5DDA6B254AFE}.Release|Any CPU.Build.0 = Release|Any CPU
		{B2C3433E-931E-4D52-848E-A178B16E954C}.Debug|Any CPU.ActiveCfg = Debug|Any CPU
		{B2C3433E-931E-4D52-848E-A178B16E954C}.Debug|Any CPU.Build.0 = Debug|Any CPU
		{B2C3433E-931E-4D52-848E-A178B16E954C}.Release|Any CPU.ActiveCfg = Release|Any CPU
		{B2C3433E-931E-4D52-848E-A178B16E954C}.Release|Any CPU.Build.0 = Release|Any CPU
		{FB140878-E3E6-41A9-B4F5-7AEF4D624E85}.Debug|Any CPU.ActiveCfg = Debug|Any CPU
		{FB140878-E3E6-41A9-B4F5-7AEF4D624E85}.Debug|Any CPU.Build.0 = Debug|Any CPU
		{FB140878-E3E6-41A9-B4F5-7AEF4D624E85}.Release|Any CPU.ActiveCfg = Release|Any CPU
		{FB140878-E3E6-41A9-B4F5-7AEF4D624E85}.Release|Any CPU.Build.0 = Release|Any CPU
		{C0A44000-B786-43FE-B14F-AB411403B499}.Debug|Any CPU.ActiveCfg = Debug|Any CPU
		{C0A44000-B786-43FE-B14F-AB411403B499}.Debug|Any CPU.Build.0 = Debug|Any CPU
		{C0A44000-B786-43FE-B14F-AB411403B499}.Release|Any CPU.ActiveCfg = Release|Any CPU
		{C0A44000-B786-43FE-B14F-AB411403B499}.Release|Any CPU.Build.0 = Release|Any CPU
		{45DC497B-D785-4C4B-BC51-3D87CD9B6CBD}.Debug|Any CPU.ActiveCfg = Debug|Any CPU
		{45DC497B-D785-4C4B-BC51-3D87CD9B6CBD}.Debug|Any CPU.Build.0 = Debug|Any CPU
		{45DC497B-D785-4C4B-BC51-3D87CD9B6CBD}.Release|Any CPU.ActiveCfg = Release|Any CPU
		{45DC497B-D785-4C4B-BC51-3D87CD9B6CBD}.Release|Any CPU.Build.0 = Release|Any CPU
	EndGlobalSection
	GlobalSection(SolutionProperties) = preSolution
		HideSolutionNode = FALSE
	EndGlobalSection
EndGlobal
